
Microsoft Visual Studio Solution File, Format Version 12.00
# Visual Studio Version 16
VisualStudioVersion = 16.0.30517.126
MinimumVisualStudioVersion = 10.0.40219.1
Project("{FAE04EC0-301F-11D3-BF4B-00C04F79EFBC}") = "SampleSprint2020", "SampleSprint2020\SampleSprint2020.csproj", "{12D27B07-4D1A-4CF0-BD0F-4822867D4238}"
EndProject
Global
	GlobalSection(SolutionConfigurationPlatforms) = preSolution
		Debug|Any CPU = Debug|Any CPU
		Release|Any CPU = Release|Any CPU
	EndGlobalSection
	GlobalSection(ProjectConfigurationPlatforms) = postSolution
		{12D27B07-4D1A-4CF0-BD0F-4822867D4238}.Debug|Any CPU.ActiveCfg = Debug|Any CPU
		{12D27B07-4D1A-4CF0-BD0F-4822867D4238}.Debug|Any CPU.Build.0 = Debug|Any CPU
		{12D27B07-4D1A-4CF0-BD0F-4822867D4238}.Release|Any CPU.ActiveCfg = Release|Any CPU
		{12D27B07-4D1A-4CF0-BD0F-4822867D4238}.Release|Any CPU.Build.0 = Release|Any CPU
	EndGlobalSection
	GlobalSection(SolutionProperties) = preSolution
		HideSolutionNode = FALSE
	EndGlobalSection
	GlobalSection(ExtensibilityGlobals) = postSolution
		SolutionGuid = {C8F16692-2AE6-43EA-A46B-57F75D416D51}
	EndGlobalSection
EndGlobal
